
Microsoft Visual Studio Solution File, Format Version 12.00
# Visual Studio Version 16
VisualStudioVersion = 16.0.31005.135
MinimumVisualStudioVersion = 10.0.40219.1
Project("{FAE04EC0-301F-11D3-BF4B-00C04F79EFBC}") = "qBTC", "qBTC.csproj", "{B0B0DB0A-C3E9-4D74-B4A3-FF6F57243BEC}"
EndProject
Global
	GlobalSection(SolutionConfigurationPlatforms) = preSolution
		Debug|Any CPU = Debug|Any CPU
		Release|Any CPU = Release|Any CPU
	EndGlobalSection
	GlobalSection(ProjectConfigurationPlatforms) = postSolution
		{B0B0DB0A-C3E9-4D74-B4A3-FF6F57243BEC}.Debug|Any CPU.ActiveCfg = Debug|Any CPU
		{B0B0DB0A-C3E9-4D74-B4A3-FF6F57243BEC}.Debug|Any CPU.Build.0 = Debug|Any CPU
		{B0B0DB0A-C3E9-4D74-B4A3-FF6F57243BEC}.Release|Any CPU.ActiveCfg = Release|Any CPU
		{B0B0DB0A-C3E9-4D74-B4A3-FF6F57243BEC}.Release|Any CPU.Build.0 = Release|Any CPU
	EndGlobalSection
	GlobalSection(SolutionProperties) = preSolution
		HideSolutionNode = FALSE
	EndGlobalSection
	GlobalSection(ExtensibilityGlobals) = postSolution
		SolutionGuid = {730A9136-8E7C-4A23-B531-0744C1053728}
	EndGlobalSection
EndGlobal
